
Microsoft Visual Studio Solution File, Format Version 12.00
# Visual Studio 2013
VisualStudioVersion = 12.0.31101.0
MinimumVisualStudioVersion = 10.0.40219.1
Project("{FAE04EC0-301F-11D3-BF4B-00C04F79EFBC}") = "HukukModulu", "HukukModulu\HukukModulu.csproj", "{37E3529A-4AB2-47C3-B115-7D1C647F7B7F}"
EndProject
Global
	GlobalSection(SolutionConfigurationPlatforms) = preSolution
		Debug|Any CPU = Debug|Any CPU
		Release|Any CPU = Release|Any CPU
	EndGlobalSection
	GlobalSection(ProjectConfigurationPlatforms) = postSolution
		{37E3529A-4AB2-47C3-B115-7D1C647F7B7F}.Debug|Any CPU.ActiveCfg = Debug|Any CPU
		{37E3529A-4AB2-47C3-B115-7D1C647F7B7F}.Debug|Any CPU.Build.0 = Debug|Any CPU
		{37E3529A-4AB2-47C3-B115-7D1C647F7B7F}.Release|Any CPU.ActiveCfg = Release|Any CPU
		{37E3529A-4AB2-47C3-B115-7D1C647F7B7F}.Release|Any CPU.Build.0 = Release|Any CPU
	EndGlobalSection
	GlobalSection(SolutionProperties) = preSolution
		HideSolutionNode = FALSE
	EndGlobalSection
EndGlobal
