
Microsoft Visual Studio Solution File, Format Version 12.00
# Visual Studio 2013
VisualStudioVersion = 12.0.31101.0
MinimumVisualStudioVersion = 10.0.40219.1
Project("{FAE04EC0-301F-11D3-BF4B-00C04F79EFBC}") = "WebApplication22", "WebApplication22\WebApplication22.csproj", "{A53F8B07-2AE7-4AE2-B0AA-38FFA0F71E87}"
EndProject
Project("{FAE04EC0-301F-11D3-BF4B-00C04F79EFBC}") = "Microsoft.AspNet.SignalR.Client", "..\..\..\Desktop\SignalR-2.2.0\src\Microsoft.AspNet.SignalR.Client\Microsoft.AspNet.SignalR.Client.csproj", "{EB46B9C6-EE37-48F9-835E-E49580E40E0A}"
EndProject
Project("{FAE04EC0-301F-11D3-BF4B-00C04F79EFBC}") = "Microsoft.AspNet.SignalR.Core", "..\..\..\Desktop\SignalR-2.2.0\src\Microsoft.AspNet.SignalR.Core\Microsoft.AspNet.SignalR.Core.csproj", "{1B9A82C4-BCA1-4834-A33E-226F17BE070B}"
EndProject
Project("{FAE04EC0-301F-11D3-BF4B-00C04F79EFBC}") = "Microsoft.AspNet.SignalR.SystemWeb", "..\..\..\Desktop\SignalR-2.2.0\src\Microsoft.AspNet.SignalR.SystemWeb\Microsoft.AspNet.SignalR.SystemWeb.csproj", "{21407043-7991-4123-B264-4D43B97B61B7}"
EndProject
Project("{FAE04EC0-301F-11D3-BF4B-00C04F79EFBC}") = "Microsoft.AspNet.SignalR.SqlServer", "..\..\..\Desktop\SignalR-2.2.0\src\Microsoft.AspNet.SignalR.SqlServer\Microsoft.AspNet.SignalR.SqlServer.csproj", "{EFCF27EC-CB9B-4F3A-91BE-154B8AB5B5E0}"
EndProject
Global
	GlobalSection(SolutionConfigurationPlatforms) = preSolution
		Debug|Any CPU = Debug|Any CPU
		Release|Any CPU = Release|Any CPU
	EndGlobalSection
	GlobalSection(ProjectConfigurationPlatforms) = postSolution
		{A53F8B07-2AE7-4AE2-B0AA-38FFA0F71E87}.Debug|Any CPU.ActiveCfg = Debug|Any CPU
		{A53F8B07-2AE7-4AE2-B0AA-38FFA0F71E87}.Debug|Any CPU.Build.0 = Debug|Any CPU
		{A53F8B07-2AE7-4AE2-B0AA-38FFA0F71E87}.Release|Any CPU.ActiveCfg = Release|Any CPU
		{A53F8B07-2AE7-4AE2-B0AA-38FFA0F71E87}.Release|Any CPU.Build.0 = Release|Any CPU
		{EB46B9C6-EE37-48F9-835E-E49580E40E0A}.Debug|Any CPU.ActiveCfg = Debug|Any CPU
		{EB46B9C6-EE37-48F9-835E-E49580E40E0A}.Debug|Any CPU.Build.0 = Debug|Any CPU
		{EB46B9C6-EE37-48F9-835E-E49580E40E0A}.Release|Any CPU.ActiveCfg = Release|Any CPU
		{EB46B9C6-EE37-48F9-835E-E49580E40E0A}.Release|Any CPU.Build.0 = Release|Any CPU
		{1B9A82C4-BCA1-4834-A33E-226F17BE070B}.Debug|Any CPU.ActiveCfg = Debug|Any CPU
		{1B9A82C4-BCA1-4834-A33E-226F17BE070B}.Debug|Any CPU.Build.0 = Debug|Any CPU
		{1B9A82C4-BCA1-4834-A33E-226F17BE070B}.Release|Any CPU.ActiveCfg = Release|Any CPU
		{1B9A82C4-BCA1-4834-A33E-226F17BE070B}.Release|Any CPU.Build.0 = Release|Any CPU
		{21407043-7991-4123-B264-4D43B97B61B7}.Debug|Any CPU.ActiveCfg = Debug|Any CPU
		{21407043-7991-4123-B264-4D43B97B61B7}.Debug|Any CPU.Build.0 = Debug|Any CPU
		{21407043-7991-4123-B264-4D43B97B61B7}.Release|Any CPU.ActiveCfg = Release|Any CPU
		{21407043-7991-4123-B264-4D43B97B61B7}.Release|Any CPU.Build.0 = Release|Any CPU
		{EFCF27EC-CB9B-4F3A-91BE-154B8AB5B5E0}.Debug|Any CPU.ActiveCfg = Debug|Any CPU
		{EFCF27EC-CB9B-4F3A-91BE-154B8AB5B5E0}.Debug|Any CPU.Build.0 = Debug|Any CPU
		{EFCF27EC-CB9B-4F3A-91BE-154B8AB5B5E0}.Release|Any CPU.ActiveCfg = Release|Any CPU
		{EFCF27EC-CB9B-4F3A-91BE-154B8AB5B5E0}.Release|Any CPU.Build.0 = Release|Any CPU
	EndGlobalSection
	GlobalSection(SolutionProperties) = preSolution
		HideSolutionNode = FALSE
	EndGlobalSection
EndGlobal
