
Microsoft Visual Studio Solution File, Format Version 12.00
# Visual Studio 2013
VisualStudioVersion = 12.0.31101.0
MinimumVisualStudioVersion = 10.0.40219.1
Project("{FAE04EC0-301F-11D3-BF4B-00C04F79EFBC}") = "WebApplication15", "WebApplication15\WebApplication15.csproj", "{C38A2E55-0180-4FD0-9BF4-6C57AE64E518}"
EndProject
Global
	GlobalSection(SolutionConfigurationPlatforms) = preSolution
		Debug|Any CPU = Debug|Any CPU
		Release|Any CPU = Release|Any CPU
	EndGlobalSection
	GlobalSection(ProjectConfigurationPlatforms) = postSolution
		{C38A2E55-0180-4FD0-9BF4-6C57AE64E518}.Debug|Any CPU.ActiveCfg = Debug|Any CPU
		{C38A2E55-0180-4FD0-9BF4-6C57AE64E518}.Debug|Any CPU.Build.0 = Debug|Any CPU
		{C38A2E55-0180-4FD0-9BF4-6C57AE64E518}.Release|Any CPU.ActiveCfg = Release|Any CPU
		{C38A2E55-0180-4FD0-9BF4-6C57AE64E518}.Release|Any CPU.Build.0 = Release|Any CPU
	EndGlobalSection
	GlobalSection(SolutionProperties) = preSolution
		HideSolutionNode = FALSE
	EndGlobalSection
EndGlobal
