
Microsoft Visual Studio Solution File, Format Version 12.00
# Visual Studio 14
VisualStudioVersion = 14.0.23107.0
MinimumVisualStudioVersion = 10.0.40219.1
Project("{CC5FD16D-436D-48AD-A40C-5A424C6E3E79}") = "GenelSecimKasim", "GenelSecimKasim\GenelSecimKasim.ccproj", "{987C53C2-1253-47EF-8294-4049861B16A2}"
EndProject
Project("{FAE04EC0-301F-11D3-BF4B-00C04F79EFBC}") = "Web", "Web\Web.csproj", "{8D8C4D33-AEE7-4364-831E-E355B4A6AAEB}"
EndProject
Project("{FAE04EC0-301F-11D3-BF4B-00C04F79EFBC}") = "Servis", "Servis\Servis.csproj", "{B94AFA13-0533-42AF-904B-F5E022DD892C}"
EndProject
Project("{FAE04EC0-301F-11D3-BF4B-00C04F79EFBC}") = "Cache", "Cache\Cache.csproj", "{8E453BAF-170B-4875-B59D-5B5302BF3FE1}"
EndProject
Project("{CC5FD16D-436D-48AD-A40C-5A424C6E3E79}") = "GenelSecimTv", "GenelSecimTv\GenelSecimTv.ccproj", "{25F2A7C2-96C4-4BBC-8D12-7A420F7A548A}"
EndProject
Project("{FAE04EC0-301F-11D3-BF4B-00C04F79EFBC}") = "WebTv", "WebTv\WebTv.csproj", "{52120D1E-CFCD-4D14-BAD2-3097733C1071}"
EndProject
Project("{2150E333-8FDC-42A3-9474-1A3956D46DE8}") = "Yapilacak Isler", "Yapilacak Isler", "{48AF257C-AA40-4E59-8EDB-F51B8B01E03F}"
	ProjectSection(SolutionItems) = preProject
		02.10.2015 = 02.10.2015
	EndProjectSection
EndProject
Global
	GlobalSection(SolutionConfigurationPlatforms) = preSolution
		Debug|Any CPU = Debug|Any CPU
		Release|Any CPU = Release|Any CPU
	EndGlobalSection
	GlobalSection(ProjectConfigurationPlatforms) = postSolution
		{987C53C2-1253-47EF-8294-4049861B16A2}.Debug|Any CPU.ActiveCfg = Debug|Any CPU
		{987C53C2-1253-47EF-8294-4049861B16A2}.Debug|Any CPU.Build.0 = Debug|Any CPU
		{987C53C2-1253-47EF-8294-4049861B16A2}.Release|Any CPU.ActiveCfg = Release|Any CPU
		{987C53C2-1253-47EF-8294-4049861B16A2}.Release|Any CPU.Build.0 = Release|Any CPU
		{8D8C4D33-AEE7-4364-831E-E355B4A6AAEB}.Debug|Any CPU.ActiveCfg = Debug|Any CPU
		{8D8C4D33-AEE7-4364-831E-E355B4A6AAEB}.Debug|Any CPU.Build.0 = Debug|Any CPU
		{8D8C4D33-AEE7-4364-831E-E355B4A6AAEB}.Release|Any CPU.ActiveCfg = Release|Any CPU
		{8D8C4D33-AEE7-4364-831E-E355B4A6AAEB}.Release|Any CPU.Build.0 = Release|Any CPU
		{B94AFA13-0533-42AF-904B-F5E022DD892C}.Debug|Any CPU.ActiveCfg = Debug|Any CPU
		{B94AFA13-0533-42AF-904B-F5E022DD892C}.Debug|Any CPU.Build.0 = Debug|Any CPU
		{B94AFA13-0533-42AF-904B-F5E022DD892C}.Release|Any CPU.ActiveCfg = Release|Any CPU
		{B94AFA13-0533-42AF-904B-F5E022DD892C}.Release|Any CPU.Build.0 = Release|Any CPU
		{8E453BAF-170B-4875-B59D-5B5302BF3FE1}.Debug|Any CPU.ActiveCfg = Debug|Any CPU
		{8E453BAF-170B-4875-B59D-5B5302BF3FE1}.Debug|Any CPU.Build.0 = Debug|Any CPU
		{8E453BAF-170B-4875-B59D-5B5302BF3FE1}.Release|Any CPU.ActiveCfg = Release|Any CPU
		{8E453BAF-170B-4875-B59D-5B5302BF3FE1}.Release|Any CPU.Build.0 = Release|Any CPU
		{25F2A7C2-96C4-4BBC-8D12-7A420F7A548A}.Debug|Any CPU.ActiveCfg = Debug|Any CPU
		{25F2A7C2-96C4-4BBC-8D12-7A420F7A548A}.Debug|Any CPU.Build.0 = Debug|Any CPU
		{25F2A7C2-96C4-4BBC-8D12-7A420F7A548A}.Release|Any CPU.ActiveCfg = Release|Any CPU
		{25F2A7C2-96C4-4BBC-8D12-7A420F7A548A}.Release|Any CPU.Build.0 = Release|Any CPU
		{52120D1E-CFCD-4D14-BAD2-3097733C1071}.Debug|Any CPU.ActiveCfg = Debug|Any CPU
		{52120D1E-CFCD-4D14-BAD2-3097733C1071}.Debug|Any CPU.Build.0 = Debug|Any CPU
		{52120D1E-CFCD-4D14-BAD2-3097733C1071}.Release|Any CPU.ActiveCfg = Release|Any CPU
		{52120D1E-CFCD-4D14-BAD2-3097733C1071}.Release|Any CPU.Build.0 = Release|Any CPU
	EndGlobalSection
	GlobalSection(SolutionProperties) = preSolution
		HideSolutionNode = FALSE
	EndGlobalSection
	GlobalSection(TeamFoundationVersionControl) = preSolution
		SccNumberOfProjects = 7
		SccEnterpriseProvider = {4CA58AB2-18FA-4F8D-95D4-32DDF27D184C}
		SccTeamFoundationServer = http://10.254.104.151:8080/tfs/anadoluajansicollection
		SccLocalPath0 = .
		SccProjectUniqueName1 = Cache\\Cache.csproj
		SccProjectName1 = Cache
		SccLocalPath1 = Cache
		SccProjectUniqueName2 = GenelSecimKasim\\GenelSecimKasim.ccproj
		SccProjectName2 = GenelSecimKasim
		SccLocalPath2 = GenelSecimKasim
		SccProjectUniqueName3 = Servis\\Servis.csproj
		SccProjectName3 = Servis
		SccLocalPath3 = Servis
		SccProjectUniqueName4 = Web\\Web.csproj
		SccProjectName4 = Web
		SccLocalPath4 = Web
		SccProjectUniqueName5 = GenelSecimTv\\GenelSecimTv.ccproj
		SccProjectName5 = GenelSecimTv
		SccLocalPath5 = GenelSecimTv
		SccProjectUniqueName6 = WebTv\\WebTv.csproj
		SccProjectName6 = WebTv
		SccLocalPath6 = WebTv
	EndGlobalSection
EndGlobal
