
Microsoft Visual Studio Solution File, Format Version 12.00
# Visual Studio 2013
VisualStudioVersion = 12.0.31101.0
MinimumVisualStudioVersion = 10.0.40219.1
Project("{FAE04EC0-301F-11D3-BF4B-00C04F79EFBC}") = "ConsoleApplication7", "ConsoleApplication7\ConsoleApplication7.csproj", "{E5E061F7-266D-4C99-B6D8-4BA61EBE9DFC}"
EndProject
Global
	GlobalSection(SolutionConfigurationPlatforms) = preSolution
		Debug|Any CPU = Debug|Any CPU
		Release|Any CPU = Release|Any CPU
	EndGlobalSection
	GlobalSection(ProjectConfigurationPlatforms) = postSolution
		{E5E061F7-266D-4C99-B6D8-4BA61EBE9DFC}.Debug|Any CPU.ActiveCfg = Debug|Any CPU
		{E5E061F7-266D-4C99-B6D8-4BA61EBE9DFC}.Debug|Any CPU.Build.0 = Debug|Any CPU
		{E5E061F7-266D-4C99-B6D8-4BA61EBE9DFC}.Release|Any CPU.ActiveCfg = Release|Any CPU
		{E5E061F7-266D-4C99-B6D8-4BA61EBE9DFC}.Release|Any CPU.Build.0 = Release|Any CPU
	EndGlobalSection
	GlobalSection(SolutionProperties) = preSolution
		HideSolutionNode = FALSE
	EndGlobalSection
EndGlobal
