
Microsoft Visual Studio Solution File, Format Version 12.00
# Visual Studio 2013
VisualStudioVersion = 12.0.31101.0
MinimumVisualStudioVersion = 10.0.40219.1
Project("{FAE04EC0-301F-11D3-BF4B-00C04F79EFBC}") = "testConsole", "testConsole\testConsole.csproj", "{4DBD4B4D-8C28-4B9A-88F3-6163B0438D9F}"
EndProject
Project("{FAE04EC0-301F-11D3-BF4B-00C04F79EFBC}") = "WebApplication1", "WebApplication1\WebApplication1.csproj", "{3C3588AF-9754-4A58-A98E-B7A0066284C0}"
EndProject
Global
	GlobalSection(SolutionConfigurationPlatforms) = preSolution
		Debug|Any CPU = Debug|Any CPU
		Release|Any CPU = Release|Any CPU
	EndGlobalSection
	GlobalSection(ProjectConfigurationPlatforms) = postSolution
		{4DBD4B4D-8C28-4B9A-88F3-6163B0438D9F}.Debug|Any CPU.ActiveCfg = Debug|Any CPU
		{4DBD4B4D-8C28-4B9A-88F3-6163B0438D9F}.Debug|Any CPU.Build.0 = Debug|Any CPU
		{4DBD4B4D-8C28-4B9A-88F3-6163B0438D9F}.Release|Any CPU.ActiveCfg = Release|Any CPU
		{4DBD4B4D-8C28-4B9A-88F3-6163B0438D9F}.Release|Any CPU.Build.0 = Release|Any CPU
		{3C3588AF-9754-4A58-A98E-B7A0066284C0}.Debug|Any CPU.ActiveCfg = Debug|Any CPU
		{3C3588AF-9754-4A58-A98E-B7A0066284C0}.Debug|Any CPU.Build.0 = Debug|Any CPU
		{3C3588AF-9754-4A58-A98E-B7A0066284C0}.Release|Any CPU.ActiveCfg = Release|Any CPU
		{3C3588AF-9754-4A58-A98E-B7A0066284C0}.Release|Any CPU.Build.0 = Release|Any CPU
	EndGlobalSection
	GlobalSection(SolutionProperties) = preSolution
		HideSolutionNode = FALSE
	EndGlobalSection
EndGlobal
